# THIS IS AN AUTOGENERATED FILE. DO NOT EDIT THIS FILE DIRECTLY.
# yarn lockfile v1


"@saber2pr/koa-router@0.0.7":
  version "0.0.7"
  resolved "https://registry.npmmirror.com/@saber2pr/koa-router/-/koa-router-0.0.7.tgz#4faa95d0ec69b259b0c11140a01d4e63e7c1fcec"
  integrity sha512-YPVti7yUu4QX+9n/Go5nilqawlLlAGEU43GlbHXdoV3zFoaK9eOlc3T5ZiXFXxU46b92iIwWnTfcWvm0BjUiCg==
  dependencies:
    "@saber2pr/koa" "0.0.7"

"@saber2pr/koa@0.0.7":
  version "0.0.7"
  resolved "https://registry.npmmirror.com/@saber2pr/koa/-/koa-0.0.7.tgz#335ecba763e5cc99d5c056479d533c6187539e8b"
  integrity sha512-aUYUoptunztePNVAI2cvqHZuyBCQGQScs+1yGBU7V/zZuS5A5SjsjFwPSz3jH1BJ/MsLYSA3sOm2uxlBX76P/Q==
  dependencies:
    "@types/node" "^11.13.5"

"@saber2pr/koa@^0.1.0":
  version "0.1.0"
  resolved "https://registry.npmmirror.com/@saber2pr/koa/-/koa-0.1.0.tgz#6e544c7b0dc4f03b99e879e139b202fc1cf59256"
  integrity sha512-ZH+sH0DpQfceAm5xbE0JPMFvE9gaz6sLEwPtk91nurOmWO6xJVOiFe6k0jbiU18EnLz40RvnWDCeNc2YnwrG/g==
  dependencies:
    "@types/node" "^11.13.5"

"@saber2pr/node@^0.3.2":
  version "0.3.2"
  resolved "https://registry.npmjs.org/@saber2pr/node/-/node-0.3.2.tgz#e1ac11c58a830ac497cc2556fe9ff41c603293ad"
  integrity sha512-wZbUFHagjkqrPIGbCwvO6n5ZbpLq4BxaGtRPCrfm3wpJgIF3Re+93UrfHDlE5PVSthPOUoIEa5FVMRD52fW50g==
  dependencies:
    "@types/node" "^10.12.18"

"@types/node@^10.12.18":
  version "10.17.60"
  resolved "https://registry.npmmirror.com/@types/node/-/node-10.17.60.tgz#35f3d6213daed95da7f0f73e75bcc6980e90597b"
  integrity sha512-F0KIgDJfy2nA3zMLmWGKxcH2ZVEtCZXHHdOQs2gSaQ27+lNeEfGxzkIw90aXswATX7AZ33tahPbzy6KAfUreVw==

"@types/node@^11.13.5":
  version "11.15.54"
  resolved "https://registry.npmmirror.com/@types/node/-/node-11.15.54.tgz#59ed60e7b0d56905a654292e8d73275034eb6283"
  integrity sha512-1RWYiq+5UfozGsU6MwJyFX6BtktcT10XRjvcAQmskCtMcW3tPske88lM/nHv7BQG1w9KBXI1zPGuu5PnNCX14g==

typescript@^5.3.3:
  version "5.3.3"
  resolved "https://registry.npmjs.org/typescript/-/typescript-5.3.3.tgz#b3ce6ba258e72e6305ba66f5c9b452aaee3ffe37"
  integrity sha512-pXWcraxM0uxAS+tN0AG/BF2TyqmHO014Z070UsJ+pFvYuRSq8KH8DmWpnbXe0pEPDHXZV3FcAbJkijJ5oNEnWw==
